
Microsoft Visual Studio Solution File, Format Version 12.00
# Visual Studio Version 17
VisualStudioVersion = 17.5.33627.172
MinimumVisualStudioVersion = 10.0.40219.1
Project("{9A19103F-16F7-4668-BE54-9A1E7A4F7556}") = "Atomize", "Atomize\Atomize.csproj", "{48C11D9D-46B2-4C5C-8C93-93F9068DC044}"
EndProject
Project("{FAE04EC0-301F-11D3-BF4B-00C04F79EFBC}") = "Atomize.Tests", "Atomize.Tests\Atomize.Tests.csproj", "{741C955A-9328-4D6A-9F68-EE91CCC4D710}"
EndProject
Project("{FAE04EC0-301F-11D3-BF4B-00C04F79EFBC}") = "Atomize.Benchmarks", "Atomize.Benchmarks\Atomize.Benchmarks.csproj", "{A3512195-3435-4E26-9356-E6D2C95B1D79}"
EndProject
Global
	GlobalSection(SolutionConfigurationPlatforms) = preSolution
		Debug|Any CPU = Debug|Any CPU
		Release|Any CPU = Release|Any CPU
	EndGlobalSection
	GlobalSection(ProjectConfigurationPlatforms) = postSolution
		{48C11D9D-46B2-4C5C-8C93-93F9068DC044}.Debug|Any CPU.ActiveCfg = Debug|Any CPU
		{48C11D9D-46B2-4C5C-8C93-93F9068DC044}.Debug|Any CPU.Build.0 = Debug|Any CPU
		{48C11D9D-46B2-4C5C-8C93-93F9068DC044}.Release|Any CPU.ActiveCfg = Release|Any CPU
		{48C11D9D-46B2-4C5C-8C93-93F9068DC044}.Release|Any CPU.Build.0 = Release|Any CPU
		{741C955A-9328-4D6A-9F68-EE91CCC4D710}.Debug|Any CPU.ActiveCfg = Debug|Any CPU
		{741C955A-9328-4D6A-9F68-EE91CCC4D710}.Debug|Any CPU.Build.0 = Debug|Any CPU
		{741C955A-9328-4D6A-9F68-EE91CCC4D710}.Release|Any CPU.ActiveCfg = Release|Any CPU
		{741C955A-9328-4D6A-9F68-EE91CCC4D710}.Release|Any CPU.Build.0 = Release|Any CPU
		{A3512195-3435-4E26-9356-E6D2C95B1D79}.Debug|Any CPU.ActiveCfg = Debug|Any CPU
		{A3512195-3435-4E26-9356-E6D2C95B1D79}.Debug|Any CPU.Build.0 = Debug|Any CPU
		{A3512195-3435-4E26-9356-E6D2C95B1D79}.Release|Any CPU.ActiveCfg = Release|Any CPU
		{A3512195-3435-4E26-9356-E6D2C95B1D79}.Release|Any CPU.Build.0 = Release|Any CPU
	EndGlobalSection
	GlobalSection(SolutionProperties) = preSolution
		HideSolutionNode = FALSE
	EndGlobalSection
	GlobalSection(ExtensibilityGlobals) = postSolution
		SolutionGuid = {54C48B21-BD35-4D53-978B-B18DFAC78D46}
	EndGlobalSection
EndGlobal
